{"version":4,"terraform_version":"1.9.0","serial":15,"lineage":"71387089-59a4-d1bd-3c93-a059792cc494","outputs":{},"resources":[{"mode":"managed","type":"aws_rds_cluster","name":"aurora_pg_primary","provider":"provider[\"registry.opentofu.org/hashicorp/aws\"]","instances":[{"schema_version":1,"attributes":{"allocated_storage":1,"allow_major_version_upgrade":null,"apply_immediately":null,"arn":"arn:aws:rds:us-east-1:254092030674:cluster:test-aurora-pg-cluster-primary","availability_zones":["us-east-1a","us-east-1b","us-east-1d"],"backtrack_window":0,"backup_retention_period":7,"ca_certificate_identifier":null,"ca_certificate_valid_till":null,"cluster_identifier":"test-aurora-pg-cluster-primary","cluster_identifier_prefix":"","cluster_members":[],"cluster_resource_id":"cluster-EFVLMLDK4Z5UIS5G5GXL47UUXQ","cluster_scalability_type":"","copy_tags_to_snapshot":false,"database_insights_mode":"standard","database_name":"testdb","db_cluster_instance_class":"","db_cluster_parameter_group_name":"pg16-cluster","db_instance_parameter_group_name":null,"db_subnet_group_name":"tfnrdev-pgsql","db_system_id":"","delete_automated_backups":true,"deletion_protection":false,"domain":"","domain_iam_role_name":"","enable_global_write_forwarding":false,"enable_http_endpoint":false,"enable_local_write_forwarding":false,"enabled_cloudwatch_logs_exports":[],"endpoint":"test-aurora-pg-cluster-primary.cluster-cfy5stnhchzz.us-east-1.rds.amazonaws.com","engine":"aurora-postgresql","engine_lifecycle_support":"open-source-rds-extended-support","engine_mode":"provisioned","engine_version":"16.1","engine_version_actual":"16.1","final_snapshot_identifier":null,"global_cluster_identifier":"test-aurora-pg-global-cluster","hosted_zone_id":"Z2R2ITUGPM61AM","iam_database_authentication_enabled":false,"iam_roles":[],"id":"test-aurora-pg-cluster-primary","iops":0,"kms_key_id":"arn:aws:kms:us-east-1:254092030674:key/93208d07-db65-4f32-8609-6bce65a4bc7b","manage_master_user_password":null,"master_password":"SuperSecurePass123","master_password_wo":null,"master_password_wo_version":null,"master_user_secret":[],"master_user_secret_kms_key_id":null,"master_username":"aurora_admin","monitoring_interval":0,"monitoring_role_arn":"","network_type":"IPV4","performance_insights_enabled":false,"performance_insights_kms_key_id":"","performance_insights_retention_period":0,"port":5432,"preferred_backup_window":"07:00-09:00","preferred_maintenance_window":"mon:03:50-mon:04:20","reader_endpoint":"test-aurora-pg-cluster-primary.cluster-ro-cfy5stnhchzz.us-east-1.rds.amazonaws.com","replication_source_identifier":"arn:aws:rds:us-west-2:254092030674:cluster:test-aurora-pg-cluster-secondary","restore_to_point_in_time":[],"s3_import":[],"scaling_configuration":[],"serverlessv2_scaling_configuration":[],"skip_final_snapshot":true,"snapshot_identifier":null,"source_region":null,"storage_encrypted":true,"storage_type":"","tags":{},"tags_all":{},"timeouts":null,"vpc_security_group_ids":["sg-0be5594a7a6bcc133"]},"sensitive_attributes":[[{"type":"get_attr","value":"master_password_wo"}],[{"type":"get_attr","value":"master_password"}]],"private":"eyJlMmJmYjczMC1lY2FhLTExZTYtOGY4OC0zNDM2M2JjN2M0YzAiOnsiY3JlYXRlIjo3MjAwMDAwMDAwMDAwLCJkZWxldGUiOjcyMDAwMDAwMDAwMDAsInVwZGF0ZSI6NzIwMDAwMDAwMDAwMH0sInNjaGVtYV92ZXJzaW9uIjoiMSJ9","dependencies":["aws_rds_global_cluster.aurora_global"]}]},{"mode":"managed","type":"aws_rds_global_cluster","name":"aurora_global","provider":"provider[\"registry.opentofu.org/hashicorp/aws\"]","instances":[{"schema_version":0,"attributes":{"arn":"arn:aws:rds::254092030674:global-cluster:test-aurora-pg-global-cluster","database_name":"","deletion_protection":false,"endpoint":"test-aurora-pg-global-cluster.global-g4tcobf9outa.global.rds.amazonaws.com","engine":"aurora-postgresql","engine_lifecycle_support":"open-source-rds-extended-support","engine_version":"16.1","engine_version_actual":"16.1","force_destroy":null,"global_cluster_identifier":"test-aurora-pg-global-cluster","global_cluster_members":[{"db_cluster_arn":"arn:aws:rds:us-east-1:254092030674:cluster:test-aurora-pg-cluster-primary","is_writer":false},{"db_cluster_arn":"arn:aws:rds:us-west-2:254092030674:cluster:test-aurora-pg-cluster-secondary","is_writer":true}],"global_cluster_resource_id":"cluster-f8732948efc927ca","id":"test-aurora-pg-global-cluster","source_db_cluster_identifier":null,"storage_encrypted":true,"tags":{},"tags_all":{},"timeouts":null},"sensitive_attributes":[],"private":"eyJlMmJmYjczMC1lY2FhLTExZTYtOGY4OC0zNDM2M2JjN2M0YzAiOnsiY3JlYXRlIjoxODAwMDAwMDAwMDAwLCJkZWxldGUiOjE4MDAwMDAwMDAwMDAsInVwZGF0ZSI6NTQwMDAwMDAwMDAwMH19"}]}],"check_results":null}
