{"version":4,"terraform_version":"1.9.0","serial":3,"lineage":"4f5eeb20-0c1b-e12d-7f29-5894cc1e09a7","outputs":{},"resources":[{"mode":"data","type":"aws_ami","name":"amazon_linux","provider":"provider[\"registry.opentofu.org/hashicorp/aws\"]","instances":[{"schema_version":0,"attributes":{"architecture":"x86_64","arn":"arn:aws:ec2:us-east-1::image/ami-097947612b141c026","block_device_mappings":[{"device_name":"/dev/xvda","ebs":{"delete_on_termination":"true","encrypted":"false","iops":"0","snapshot_id":"snap-05fdb28eba9ca9fcb","throughput":"0","volume_size":"8","volume_type":"gp2"},"no_device":"","virtual_name":""}],"boot_mode":"","creation_date":"2025-04-25T05:49:24.000Z","deprecation_time":"2025-07-24T05:49:00.000Z","description":"Amazon Linux 2 AMI 2.0.20250428.0 x86_64 HVM gp2","ena_support":true,"executable_users":null,"filter":[{"name":"name","values":["amzn2-ami-hvm-*-x86_64-gp2"]}],"hypervisor":"xen","id":"ami-097947612b141c026","image_id":"ami-097947612b141c026","image_location":"amazon/amzn2-ami-hvm-2.0.20250428.0-x86_64-gp2","image_owner_alias":"amazon","image_type":"machine","imds_support":"","include_deprecated":false,"kernel_id":"","most_recent":true,"name":"amzn2-ami-hvm-2.0.20250428.0-x86_64-gp2","name_regex":null,"owner_id":"137112412989","owners":["amazon"],"platform":"","platform_details":"Linux/UNIX","product_codes":[],"public":true,"ramdisk_id":"","root_device_name":"/dev/xvda","root_device_type":"ebs","root_snapshot_id":"snap-05fdb28eba9ca9fcb","sriov_net_support":"simple","state":"available","state_reason":{"code":"UNSET","message":"UNSET"},"tags":{},"timeouts":null,"tpm_support":"","uefi_data":null,"usage_operation":"RunInstances","virtualization_type":"hvm"},"sensitive_attributes":[]}]},{"mode":"managed","type":"aws_instance","name":"ec2_instance","provider":"provider[\"registry.opentofu.org/hashicorp/aws\"]","instances":[{"schema_version":1,"attributes":{"ami":"ami-097947612b141c026","arn":"arn:aws:ec2:us-east-1:677276112527:instance/i-01ccbfd3ddcc2629b","associate_public_ip_address":true,"availability_zone":"us-east-1a","capacity_reservation_specification":[{"capacity_reservation_preference":"open","capacity_reservation_target":[]}],"cpu_core_count":1,"cpu_options":[{"amd_sev_snp":"","core_count":1,"threads_per_core":1}],"cpu_threads_per_core":1,"credit_specification":[{"cpu_credits":"standard"}],"disable_api_stop":false,"disable_api_termination":false,"ebs_block_device":[],"ebs_optimized":false,"enable_primary_ipv6":null,"enclave_options":[{"enabled":false}],"ephemeral_block_device":[],"get_password_data":false,"hibernation":false,"host_id":"","host_resource_group_arn":null,"iam_instance_profile":"","id":"i-01ccbfd3ddcc2629b","instance_initiated_shutdown_behavior":"stop","instance_lifecycle":"","instance_market_options":[],"instance_state":"running","instance_type":"t2.micro","ipv6_address_count":0,"ipv6_addresses":[],"key_name":"ec2-key-pair","launch_template":[],"maintenance_options":[{"auto_recovery":"default"}],"metadata_options":[{"http_endpoint":"enabled","http_protocol_ipv6":"disabled","http_put_response_hop_limit":1,"http_tokens":"optional","instance_metadata_tags":"disabled"}],"monitoring":false,"network_interface":[],"outpost_arn":"","password_data":"","placement_group":"","placement_partition_number":0,"primary_network_interface_id":"eni-08f753fd7ab2a2034","private_dns":"ip-172-31-0-54.ec2.internal","private_dns_name_options":[{"enable_resource_name_dns_a_record":false,"enable_resource_name_dns_aaaa_record":false,"hostname_type":"ip-name"}],"private_ip":"172.31.0.54","public_dns":"ec2-54-175-169-79.compute-1.amazonaws.com","public_ip":"54.175.169.79","root_block_device":[{"delete_on_termination":true,"device_name":"/dev/xvda","encrypted":false,"iops":100,"kms_key_id":"","tags":{},"tags_all":{},"throughput":0,"volume_id":"vol-04927915b2689104b","volume_size":8,"volume_type":"gp2"}],"secondary_private_ips":[],"security_groups":["default"],"source_dest_check":true,"spot_instance_request_id":"","subnet_id":"subnet-06afee81c2a516bc6","tags":{"Name":"TestEC2Instance"},"tags_all":{"Name":"TestEC2Instance"},"tenancy":"default","timeouts":null,"user_data":null,"user_data_base64":null,"user_data_replace_on_change":false,"volume_tags":null,"vpc_security_group_ids":["sg-0e4e25e867e04cace"]},"sensitive_attributes":[],"private":"eyJlMmJmYjczMC1lY2FhLTExZTYtOGY4OC0zNDM2M2JjN2M0YzAiOnsiY3JlYXRlIjo2MDAwMDAwMDAwMDAsImRlbGV0ZSI6MTIwMDAwMDAwMDAwMCwicmVhZCI6OTAwMDAwMDAwMDAwLCJ1cGRhdGUiOjYwMDAwMDAwMDAwMH0sInNjaGVtYV92ZXJzaW9uIjoiMSJ9","dependencies":["aws_key_pair.ec2_key_pair","data.aws_ami.amazon_linux"]}]},{"mode":"managed","type":"aws_key_pair","name":"ec2_key_pair","provider":"provider[\"registry.opentofu.org/hashicorp/aws\"]","instances":[{"schema_version":1,"attributes":{"arn":"arn:aws:ec2:us-east-1:677276112527:key-pair/ec2-key-pair","fingerprint":"41:7f:be:fa:2a:2c:98:cf:2b:be:8f:5f:f4:a7:77:1e","id":"ec2-key-pair","key_name":"ec2-key-pair","key_name_prefix":"","key_pair_id":"key-0deb95f5bd961860f","key_type":"rsa","public_key":"ssh-rsa AAAAB3NzaC1yc2EAAAADAQABAAABAQDXQeWsmLzfgpJgwjG77OtlElm//t5CAlehHlQmReIEZRFe0tFhHBnsZSWEau5hVCKhnN8hKhNWr+Nikk4Q1EeUMwdOAPom833+NRlgZN+yeFcIx2jB2WYwCLLFoxHWk0NWIHE8mTkYlK3BiloCJg0DO9gnayzIfBmkVgDelAUJSiFBessvEeMw0l6V/S5jgVF7AEwTcFYUOicViyQkEkxWyaP8x0VE6UBw/lR5Y0TiG/ST3wj77TwcuPfYW7Exg21a4PW/mEqw6f4kHTAnDGGGzjWIBdfAWz9edpTeiZX5cvIJIALnBqNFkotBKBQrkQnmESzHhI8vzseQA6EB1vVx schidambaram@Sreedhars-MacBook-Pro.local","tags":null,"tags_all":{}},"sensitive_attributes":[],"private":"eyJzY2hlbWFfdmVyc2lvbiI6IjEifQ=="}]}],"check_results":null}
